// !$*UTF8*$!
{
	archiveVersion = 1;
	classes = {
	};
	objectVersion = 50;
	objects = {

/* Begin PBXBuildFile section */
		003E3B2D24A5E92000C7F754 /* AppDelegate.swift in Sources */ = {isa = PBXBuildFile; fileRef = 003E3B2C24A5E92000C7F754 /* AppDelegate.swift */; };
		003E3B2F24A5E92000C7F754 /* ViewController.swift in Sources */ = {isa = PBXBuildFile; fileRef = 003E3B2E24A5E92000C7F754 /* ViewController.swift */; };
		003E3B3124A5E92B00C7F754 /* Assets.xcassets in Resources */ = {isa = PBXBuildFile; fileRef = 003E3B3024A5E92B00C7F754 /* Assets.xcassets */; };
		003E3B3424A5E92B00C7F754 /* Main.storyboard in Resources */ = {isa = PBXBuildFile; fileRef = 003E3B3224A5E92B00C7F754 /* Main.storyboard */; };
		003E3B4024A5E92C00C7F754 /* LeapYearCheakTests.swift in Sources */ = {isa = PBXBuildFile; fileRef = 003E3B3F24A5E92C00C7F754 /* LeapYearCheakTests.swift */; };
		003E3B4B24A5E92C00C7F754 /* LeapYearCheakUITests.swift in Sources */ = {isa = PBXBuildFile; fileRef = 003E3B4A24A5E92C00C7F754 /* LeapYearCheakUITests.swift */; };
/* End PBXBuildFile section */

/* Begin PBXContainerItemProxy section */
		003E3B3C24A5E92C00C7F754 /* PBXContainerItemProxy */ = {
			isa = PBXContainerItemProxy;
			containerPortal = 003E3B2124A5E92000C7F754 /* Project object */;
			proxyType = 1;
			remoteGlobalIDString = 003E3B2824A5E92000C7F754;
			remoteInfo = LeapYearCheak;
		};
		003E3B4724A5E92C00C7F754 /* PBXContainerItemProxy */ = {
			isa = PBXContainerItemProxy;
			containerPortal = 003E3B2124A5E92000C7F754 /* Project object */;
			proxyType = 1;
			remoteGlobalIDString = 003E3B2824A5E92000C7F754;
			remoteInfo = LeapYearCheak;
		};
/* End PBXContainerItemProxy section */

/* Begin PBXFileReference section */
		003E3B2924A5E92000C7F754 /* LeapYearCheak.app */ = {isa = PBXFileReference; explicitFileType = wrapper.application; includeInIndex = 0; path = LeapYearCheak.app; sourceTree = BUILT_PRODUCTS_DIR; };
		003E3B2C24A5E92000C7F754 /* AppDelegate.swift */ = {isa = PBXFileReference; lastKnownFileType = sourcecode.swift; path = AppDelegate.swift; sourceTree = "<group>"; };
		003E3B2E24A5E92000C7F754 /* ViewController.swift */ = {isa = PBXFileReference; lastKnownFileType = sourcecode.swift; path = ViewController.swift; sourceTree = "<group>"; };
		003E3B3024A5E92B00C7F754 /* Assets.xcassets */ = {isa = PBXFileReference; lastKnownFileType = folder.assetcatalog; path = Assets.xcassets; sourceTree = "<group>"; };
		003E3B3324A5E92B00C7F754 /* Base */ = {isa = PBXFileReference; lastKnownFileType = file.storyboard; name = Base; path = Base.lproj/Main.storyboard; sourceTree = "<group>"; };
		003E3B3524A5E92B00C7F754 /* Info.plist */ = {isa = PBXFileReference; lastKnownFileType = text.plist.xml; path = Info.plist; sourceTree = "<group>"; };
		003E3B3624A5E92B00C7F754 /* LeapYearCheak.entitlements */ = {isa = PBXFileReference; lastKnownFileType = text.plist.entitlements; path = LeapYearCheak.entitlements; sourceTree = "<group>"; };
		003E3B3B24A5E92C00C7F754 /* LeapYearCheakTests.xctest */ = {isa = PBXFileReference; explicitFileType = wrapper.cfbundle; includeInIndex = 0; path = LeapYearCheakTests.xctest; sourceTree = BUILT_PRODUCTS_DIR; };
		003E3B3F24A5E92C00C7F754 /* LeapYearCheakTests.swift */ = {isa = PBXFileReference; lastKnownFileType = sourcecode.swift; path = LeapYearCheakTests.swift; sourceTree = "<group>"; };
		003E3B4124A5E92C00C7F754 /* Info.plist */ = {isa = PBXFileReference; lastKnownFileType = text.plist.xml; path = Info.plist; sourceTree = "<group>"; };
		003E3B4624A5E92C00C7F754 /* LeapYearCheakUITests.xctest */ = {isa = PBXFileReference; explicitFileType = wrapper.cfbundle; includeInIndex = 0; path = LeapYearCheakUITests.xctest; sourceTree = BUILT_PRODUCTS_DIR; };
		003E3B4A24A5E92C00C7F754 /* LeapYearCheakUITests.swift */ = {isa = PBXFileReference; lastKnownFileType = sourcecode.swift; path = LeapYearCheakUITests.swift; sourceTree = "<group>"; };
		003E3B4C24A5E92C00C7F754 /* Info.plist */ = {isa = PBXFileReference; lastKnownFileType = text.plist.xml; path = Info.plist; sourceTree = "<group>"; };
/* End PBXFileReference section */

/* Begin PBXFrameworksBuildPhase section */
		003E3B2624A5E92000C7F754 /* Frameworks */ = {
			isa = PBXFrameworksBuildPhase;
			buildActionMask = 2147483647;
			files = (
			);
			runOnlyForDeploymentPostprocessing = 0;
		};
		003E3B3824A5E92B00C7F754 /* Frameworks */ = {
			isa = PBXFrameworksBuildPhase;
			buildActionMask = 2147483647;
			files = (
			);
			runOnlyForDeploymentPostprocessing = 0;
		};
		003E3B4324A5E92C00C7F754 /* Frameworks */ = {
			isa = PBXFrameworksBuildPhase;
			buildActionMask = 2147483647;
			files = (
			);
			runOnlyForDeploymentPostprocessing = 0;
		};
/* End PBXFrameworksBuildPhase section */

/* Begin PBXGroup section */
		003E3B2024A5E92000C7F754 = {
			isa = PBXGroup;
			children = (
				003E3B2B24A5E92000C7F754 /* LeapYearCheak */,
				003E3B3E24A5E92C00C7F754 /* LeapYearCheakTests */,
				003E3B4924A5E92C00C7F754 /* LeapYearCheakUITests */,
				003E3B2A24A5E92000C7F754 /* Products */,
			);
			sourceTree = "<group>";
		};
		003E3B2A24A5E92000C7F754 /* Products */ = {
			isa = PBXGroup;
			children = (
				003E3B2924A5E92000C7F754 /* LeapYearCheak.app */,
				003E3B3B24A5E92C00C7F754 /* LeapYearCheakTests.xctest */,
				003E3B4624A5E92C00C7F754 /* LeapYearCheakUITests.xctest */,
			);
			name = Products;
			sourceTree = "<group>";
		};
		003E3B2B24A5E92000C7F754 /* LeapYearCheak */ = {
			isa = PBXGroup;
			children = (
				003E3B2C24A5E92000C7F754 /* AppDelegate.swift */,
				003E3B2E24A5E92000C7F754 /* ViewController.swift */,
				003E3B3024A5E92B00C7F754 /* Assets.xcassets */,
				003E3B3224A5E92B00C7F754 /* Main.storyboard */,
				003E3B3524A5E92B00C7F754 /* Info.plist */,
				003E3B3624A5E92B00C7F754 /* LeapYearCheak.entitlements */,
			);
			path = LeapYearCheak;
			sourceTree = "<group>";
		};
		003E3B3E24A5E92C00C7F754 /* LeapYearCheakTests */ = {
			isa = PBXGroup;
			children = (
				003E3B3F24A5E92C00C7F754 /* LeapYearCheakTests.swift */,
				003E3B4124A5E92C00C7F754 /* Info.plist */,
			);
			path = LeapYearCheakTests;
			sourceTree = "<group>";
		};
		003E3B4924A5E92C00C7F754 /* LeapYearCheakUITests */ = {
			isa = PBXGroup;
			children = (
				003E3B4A24A5E92C00C7F754 /* LeapYearCheakUITests.swift */,
				003E3B4C24A5E92C00C7F754 /* Info.plist */,
			);
			path = LeapYearCheakUITests;
			sourceTree = "<group>";
		};
/* End PBXGroup section */

/* Begin PBXNativeTarget section */
		003E3B2824A5E92000C7F754 /* LeapYearCheak */ = {
			isa = PBXNativeTarget;
			buildConfigurationList = 003E3B4F24A5E92C00C7F754 /* Build configuration list for PBXNativeTarget "LeapYearCheak" */;
			buildPhases = (
				003E3B2524A5E92000C7F754 /* Sources */,
				003E3B2624A5E92000C7F754 /* Frameworks */,
				003E3B2724A5E92000C7F754 /* Resources */,
			);
			buildRules = (
			);
			dependencies = (
			);
			name = LeapYearCheak;
			productName = LeapYearCheak;
			productReference = 003E3B2924A5E92000C7F754 /* LeapYearCheak.app */;
			productType = "com.apple.product-type.application";
		};
		003E3B3A24A5E92B00C7F754 /* LeapYearCheakTests */ = {
			isa = PBXNativeTarget;
			buildConfigurationList = 003E3B5224A5E92C00C7F754 /* Build configuration list for PBXNativeTarget "LeapYearCheakTests" */;
			buildPhases = (
				003E3B3724A5E92B00C7F754 /* Sources */,
				003E3B3824A5E92B00C7F754 /* Frameworks */,
				003E3B3924A5E92B00C7F754 /* Resources */,
			);
			buildRules = (
			);
			dependencies = (
				003E3B3D24A5E92C00C7F754 /* PBXTargetDependency */,
			);
			name = LeapYearCheakTests;
			productName = LeapYearCheakTests;
			productReference = 003E3B3B24A5E92C00C7F754 /* LeapYearCheakTests.xctest */;
			productType = "com.apple.product-type.bundle.unit-test";
		};
		003E3B4524A5E92C00C7F754 /* LeapYearCheakUITests */ = {
			isa = PBXNativeTarget;
			buildConfigurationList = 003E3B5524A5E92C00C7F754 /* Build configuration list for PBXNativeTarget "LeapYearCheakUITests" */;
			buildPhases = (
				003E3B4224A5E92C00C7F754 /* Sources */,
				003E3B4324A5E92C00C7F754 /* Frameworks */,
				003E3B4424A5E92C00C7F754 /* Resources */,
			);
			buildRules = (
			);
			dependencies = (
				003E3B4824A5E92C00C7F754 /* PBXTargetDependency */,
			);
			name = LeapYearCheakUITests;
			productName = LeapYearCheakUITests;
			productReference = 003E3B4624A5E92C00C7F754 /* LeapYearCheakUITests.xctest */;
			productType = "com.apple.product-type.bundle.ui-testing";
		};
/* End PBXNativeTarget section */

/* Begin PBXProject section */
		003E3B2124A5E92000C7F754 /* Project object */ = {
			isa = PBXProject;
			attributes = {
				LastSwiftUpdateCheck = 1150;
				LastUpgradeCheck = 1150;
				ORGANIZATIONNAME = "Toms Project";
				TargetAttributes = {
					003E3B2824A5E92000C7F754 = {
						CreatedOnToolsVersion = 11.5;
					};
					003E3B3A24A5E92B00C7F754 = {
						CreatedOnToolsVersion = 11.5;
						TestTargetID = 003E3B2824A5E92000C7F754;
					};
					003E3B4524A5E92C00C7F754 = {
						CreatedOnToolsVersion = 11.5;
						TestTargetID = 003E3B2824A5E92000C7F754;
					};
				};
			};
			buildConfigurationList = 003E3B2424A5E92000C7F754 /* Build configuration list for PBXProject "LeapYearCheak" */;
			compatibilityVersion = "Xcode 9.3";
			developmentRegion = en;
			hasScannedForEncodings = 0;
			knownRegions = (
				en,
				Base,
			);
			mainGroup = 003E3B2024A5E92000C7F754;
			productRefGroup = 003E3B2A24A5E92000C7F754 /* Products */;
			projectDirPath = "";
			projectRoot = "";
			targets = (
				003E3B2824A5E92000C7F754 /* LeapYearCheak */,
				003E3B3A24A5E92B00C7F754 /* LeapYearCheakTests */,
				003E3B4524A5E92C00C7F754 /* LeapYearCheakUITests */,
			);
		};
/* End PBXProject section */

/* Begin PBXResourcesBuildPhase section */
		003E3B2724A5E92000C7F754 /* Resources */ = {
			isa = PBXResourcesBuildPhase;
			buildActionMask = 2147483647;
			files = (
				003E3B3124A5E92B00C7F754 /* Assets.xcassets in Resources */,
				003E3B3424A5E92B00C7F754 /* Main.storyboard in Resources */,
			);
			runOnlyForDeploymentPostprocessing = 0;
		};
		003E3B3924A5E92B00C7F754 /* Resources */ = {
			isa = PBXResourcesBuildPhase;
			buildActionMask = 2147483647;
			files = (
			);
			runOnlyForDeploymentPostprocessing = 0;
		};
		003E3B4424A5E92C00C7F754 /* Resources */ = {
			isa = PBXResourcesBuildPhase;
			buildActionMask = 2147483647;
			files = (
			);
			runOnlyForDeploymentPostprocessing = 0;
		};
/* End PBXResourcesBuildPhase section */

/* Begin PBXSourcesBuildPhase section */
		003E3B2524A5E92000C7F754 /* Sources */ = {
			isa = PBXSourcesBuildPhase;
			buildActionMask = 2147483647;
			files = (
				003E3B2F24A5E92000C7F754 /* ViewController.swift in Sources */,
				003E3B2D24A5E92000C7F754 /* AppDelegate.swift in Sources */,
			);
			runOnlyForDeploymentPostprocessing = 0;
		};
		003E3B3724A5E92B00C7F754 /* Sources */ = {
			isa = PBXSourcesBuildPhase;
			buildActionMask = 2147483647;
			files = (
				003E3B4024A5E92C00C7F754 /* LeapYearCheakTests.swift in Sources */,
			);
			runOnlyForDeploymentPostprocessing = 0;
		};
		003E3B4224A5E92C00C7F754 /* Sources */ = {
			isa = PBXSourcesBuildPhase;
			buildActionMask = 2147483647;
			files = (
				003E3B4B24A5E92C00C7F754 /* LeapYearCheakUITests.swift in Sources */,
			);
			runOnlyForDeploymentPostprocessing = 0;
		};
/* End PBXSourcesBuildPhase section */

/* Begin PBXTargetDependency section */
		003E3B3D24A5E92C00C7F754 /* PBXTargetDependency */ = {
			isa = PBXTargetDependency;
			target = 003E3B2824A5E92000C7F754 /* LeapYearCheak */;
			targetProxy = 003E3B3C24A5E92C00C7F754 /* PBXContainerItemProxy */;
		};
		003E3B4824A5E92C00C7F754 /* PBXTargetDependency */ = {
			isa = PBXTargetDependency;
			target = 003E3B2824A5E92000C7F754 /* LeapYearCheak */;
			targetProxy = 003E3B4724A5E92C00C7F754 /* PBXContainerItemProxy */;
		};
/* End PBXTargetDependency section */

/* Begin PBXVariantGroup section */
		003E3B3224A5E92B00C7F754 /* Main.storyboard */ = {
			isa = PBXVariantGroup;
			children = (
				003E3B3324A5E92B00C7F754 /* Base */,
			);
			name = Main.storyboard;
			sourceTree = "<group>";
		};
/* End PBXVariantGroup section */

/* Begin XCBuildConfiguration section */
		003E3B4D24A5E92C00C7F754 /* Debug */ = {
			isa = XCBuildConfiguration;
			buildSettings = {
				ALWAYS_SEARCH_USER_PATHS = NO;
				CLANG_ANALYZER_NONNULL = YES;
				CLANG_ANALYZER_NUMBER_OBJECT_CONVERSION = YES_AGGRESSIVE;
				CLANG_CXX_LANGUAGE_STANDARD = "gnu++14";
				CLANG_CXX_LIBRARY = "libc++";
				CLANG_ENABLE_MODULES = YES;
				CLANG_ENABLE_OBJC_ARC = YES;
				CLANG_ENABLE_OBJC_WEAK = YES;
				CLANG_WARN_BLOCK_CAPTURE_AUTORELEASING = YES;
				CLANG_WARN_BOOL_CONVERSION = YES;
				CLANG_WARN_COMMA = YES;
				CLANG_WARN_CONSTANT_CONVERSION = YES;
				CLANG_WARN_DEPRECATED_OBJC_IMPLEMENTATIONS = YES;
				CLANG_WARN_DIRECT_OBJC_ISA_USAGE = YES_ERROR;
				CLANG_WARN_DOCUMENTATION_COMMENTS = YES;
				CLANG_WARN_EMPTY_BODY = YES;
				CLANG_WARN_ENUM_CONVERSION = YES;
				CLANG_WARN_INFINITE_RECURSION = YES;
				CLANG_WARN_INT_CONVERSION = YES;
				CLANG_WARN_NON_LITERAL_NULL_CONVERSION = YES;
				CLANG_WARN_OBJC_IMPLICIT_RETAIN_SELF = YES;
				CLANG_WARN_OBJC_LITERAL_CONVERSION = YES;
				CLANG_WARN_OBJC_ROOT_CLASS = YES_ERROR;
				CLANG_WARN_RANGE_LOOP_ANALYSIS = YES;
				CLANG_WARN_STRICT_PROTOTYPES = YES;
				CLANG_WARN_SUSPICIOUS_MOVE = YES;
				CLANG_WARN_UNGUARDED_AVAILABILITY = YES_AGGRESSIVE;
				CLANG_WARN_UNREACHABLE_CODE = YES;
				CLANG_WARN__DUPLICATE_METHOD_MATCH = YES;
				COPY_PHASE_STRIP = NO;
				DEBUG_INFORMATION_FORMAT = dwarf;
				ENABLE_STRICT_OBJC_MSGSEND = YES;
				ENABLE_TESTABILITY = YES;
				GCC_C_LANGUAGE_STANDARD = gnu11;
				GCC_DYNAMIC_NO_PIC = NO;
				GCC_NO_COMMON_BLOCKS = YES;
				GCC_OPTIMIZATION_LEVEL = 0;
				GCC_PREPROCESSOR_DEFINITIONS = (
					"DEBUG=1",
					"$(inherited)",
				);
				GCC_WARN_64_TO_32_BIT_CONVERSION = YES;
				GCC_WARN_ABOUT_RETURN_TYPE = YES_ERROR;
				GCC_WARN_UNDECLARED_SELECTOR = YES;
				GCC_WARN_UNINITIALIZED_AUTOS = YES_AGGRESSIVE;
				GCC_WARN_UNUSED_FUNCTION = YES;
				GCC_WARN_UNUSED_VARIABLE = YES;
				MACOSX_DEPLOYMENT_TARGET = 10.15;
				MTL_ENABLE_DEBUG_INFO = INCLUDE_SOURCE;
				MTL_FAST_MATH = YES;
				ONLY_ACTIVE_ARCH = YES;
				SDKROOT = macosx;
				SWIFT_ACTIVE_COMPILATION_CONDITIONS = DEBUG;
				SWIFT_OPTIMIZATION_LEVEL = "-Onone";
			};
			name = Debug;
		};
		003E3B4E24A5E92C00C7F754 /* Release */ = {
			isa = XCBuildConfiguration;
			buildSettings = {
				ALWAYS_SEARCH_USER_PATHS = NO;
				CLANG_ANALYZER_NONNULL = YES;
				CLANG_ANALYZER_NUMBER_OBJECT_CONVERSION = YES_AGGRESSIVE;
				CLANG_CXX_LANGUAGE_STANDARD = "gnu++14";
				CLANG_CXX_LIBRARY = "libc++";
				CLANG_ENABLE_MODULES = YES;
				CLANG_ENABLE_OBJC_ARC = YES;
				CLANG_ENABLE_OBJC_WEAK = YES;
				CLANG_WARN_BLOCK_CAPTURE_AUTORELEASING = YES;
				CLANG_WARN_BOOL_CONVERSION = YES;
				CLANG_WARN_COMMA = YES;
				CLANG_WARN_CONSTANT_CONVERSION = YES;
				CLANG_WARN_DEPRECATED_OBJC_IMPLEMENTATIONS = YES;
				CLANG_WARN_DIRECT_OBJC_ISA_USAGE = YES_ERROR;
				CLANG_WARN_DOCUMENTATION_COMMENTS = YES;
				CLANG_WARN_EMPTY_BODY = YES;
				CLANG_WARN_ENUM_CONVERSION = YES;
				CLANG_WARN_INFINITE_RECURSION = YES;
				CLANG_WARN_INT_CONVERSION = YES;
				CLANG_WARN_NON_LITERAL_NULL_CONVERSION = YES;
				CLANG_WARN_OBJC_IMPLICIT_RETAIN_SELF = YES;
				CLANG_WARN_OBJC_LITERAL_CONVERSION = YES;
				CLANG_WARN_OBJC_ROOT_CLASS = YES_ERROR;
				CLANG_WARN_RANGE_LOOP_ANALYSIS = YES;
				CLANG_WARN_STRICT_PROTOTYPES = YES;
				CLANG_WARN_SUSPICIOUS_MOVE = YES;
				CLANG_WARN_UNGUARDED_AVAILABILITY = YES_AGGRESSIVE;
				CLANG_WARN_UNREACHABLE_CODE = YES;
				CLANG_WARN__DUPLICATE_METHOD_MATCH = YES;
				COPY_PHASE_STRIP = NO;
				DEBUG_INFORMATION_FORMAT = "dwarf-with-dsym";
				ENABLE_NS_ASSERTIONS = NO;
				ENABLE_STRICT_OBJC_MSGSEND = YES;
				GCC_C_LANGUAGE_STANDARD = gnu11;
				GCC_NO_COMMON_BLOCKS = YES;
				GCC_WARN_64_TO_32_BIT_CONVERSION = YES;
				GCC_WARN_ABOUT_RETURN_TYPE = YES_ERROR;
				GCC_WARN_UNDECLARED_SELECTOR = YES;
				GCC_WARN_UNINITIALIZED_AUTOS = YES_AGGRESSIVE;
				GCC_WARN_UNUSED_FUNCTION = YES;
				GCC_WARN_UNUSED_VARIABLE = YES;
				MACOSX_DEPLOYMENT_TARGET = 10.15;
				MTL_ENABLE_DEBUG_INFO = NO;
				MTL_FAST_MATH = YES;
				SDKROOT = macosx;
				SWIFT_COMPILATION_MODE = wholemodule;
				SWIFT_OPTIMIZATION_LEVEL = "-O";
			};
			name = Release;
		};
		003E3B5024A5E92C00C7F754 /* Debug */ = {
			isa = XCBuildConfiguration;
			buildSettings = {
				ASSETCATALOG_COMPILER_APPICON_NAME = AppIcon;
				CODE_SIGN_ENTITLEMENTS = LeapYearCheak/LeapYearCheak.entitlements;
				CODE_SIGN_STYLE = Automatic;
				COMBINE_HIDPI_IMAGES = YES;
				DEVELOPMENT_TEAM = 2AJ3JQW8BB;
				ENABLE_HARDENED_RUNTIME = YES;
				INFOPLIST_FILE = LeapYearCheak/Info.plist;
				LD_RUNPATH_SEARCH_PATHS = (
					"$(inherited)",
					"@executable_path/../Frameworks",
				);
				MARKETING_VERSION = 2.0.0;
				PRODUCT_BUNDLE_IDENTIFIER = com.projectoms.mac.LeapYearCheak;
				PRODUCT_NAME = "$(TARGET_NAME)";
				SWIFT_VERSION = 5.0;
			};
			name = Debug;
		};
		003E3B5124A5E92C00C7F754 /* Release */ = {
			isa = XCBuildConfiguration;
			buildSettings = {
				ASSETCATALOG_COMPILER_APPICON_NAME = AppIcon;
				CODE_SIGN_ENTITLEMENTS = LeapYearCheak/LeapYearCheak.entitlements;
				CODE_SIGN_STYLE = Automatic;
				COMBINE_HIDPI_IMAGES = YES;
				DEVELOPMENT_TEAM = 2AJ3JQW8BB;
				ENABLE_HARDENED_RUNTIME = YES;
				INFOPLIST_FILE = LeapYearCheak/Info.plist;
				LD_RUNPATH_SEARCH_PATHS = (
					"$(inherited)",
					"@executable_path/../Frameworks",
				);
				MARKETING_VERSION = 2.0.0;
				PRODUCT_BUNDLE_IDENTIFIER = com.projectoms.mac.LeapYearCheak;
				PRODUCT_NAME = "$(TARGET_NAME)";
				SWIFT_VERSION = 5.0;
			};
			name = Release;
		};
		003E3B5324A5E92C00C7F754 /* Debug */ = {
			isa = XCBuildConfiguration;
			buildSettings = {
				ALWAYS_EMBED_SWIFT_STANDARD_LIBRARIES = YES;
				BUNDLE_LOADER = "$(TEST_HOST)";
				CODE_SIGN_STYLE = Automatic;
				COMBINE_HIDPI_IMAGES = YES;
				DEVELOPMENT_TEAM = 2AJ3JQW8BB;
				INFOPLIST_FILE = LeapYearCheakTests/Info.plist;
				LD_RUNPATH_SEARCH_PATHS = (
					"$(inherited)",
					"@executable_path/../Frameworks",
					"@loader_path/../Frameworks",
				);
				MACOSX_DEPLOYMENT_TARGET = 10.15;
				PRODUCT_BUNDLE_IDENTIFIER = com.projectoms.mac.LeapYearCheakTests;
				PRODUCT_NAME = "$(TARGET_NAME)";
				SWIFT_VERSION = 5.0;
				TEST_HOST = "$(BUILT_PRODUCTS_DIR)/LeapYearCheak.app/Contents/MacOS/LeapYearCheak";
			};
			name = Debug;
		};
		003E3B5424A5E92C00C7F754 /* Release */ = {
			isa = XCBuildConfiguration;
			buildSettings = {
				ALWAYS_EMBED_SWIFT_STANDARD_LIBRARIES = YES;
				BUNDLE_LOADER = "$(TEST_HOST)";
				CODE_SIGN_STYLE = Automatic;
				COMBINE_HIDPI_IMAGES = YES;
				DEVELOPMENT_TEAM = 2AJ3JQW8BB;
				INFOPLIST_FILE = LeapYearCheakTests/Info.plist;
				LD_RUNPATH_SEARCH_PATHS = (
					"$(inherited)",
					"@executable_path/../Frameworks",
					"@loader_path/../Frameworks",
				);
				MACOSX_DEPLOYMENT_TARGET = 10.15;
				PRODUCT_BUNDLE_IDENTIFIER = com.projectoms.mac.LeapYearCheakTests;
				PRODUCT_NAME = "$(TARGET_NAME)";
				SWIFT_VERSION = 5.0;
				TEST_HOST = "$(BUILT_PRODUCTS_DIR)/LeapYearCheak.app/Contents/MacOS/LeapYearCheak";
			};
			name = Release;
		};
		003E3B5624A5E92C00C7F754 /* Debug */ = {
			isa = XCBuildConfiguration;
			buildSettings = {
				ALWAYS_EMBED_SWIFT_STANDARD_LIBRARIES = YES;
				CODE_SIGN_STYLE = Automatic;
				COMBINE_HIDPI_IMAGES = YES;
				DEVELOPMENT_TEAM = 2AJ3JQW8BB;
				INFOPLIST_FILE = LeapYearCheakUITests/Info.plist;
				LD_RUNPATH_SEARCH_PATHS = (
					"$(inherited)",
					"@executable_path/../Frameworks",
					"@loader_path/../Frameworks",
				);
				PRODUCT_BUNDLE_IDENTIFIER = com.projectoms.mac.LeapYearCheakUITests;
				PRODUCT_NAME = "$(TARGET_NAME)";
				SWIFT_VERSION = 5.0;
				TEST_TARGET_NAME = LeapYearCheak;
			};
			name = Debug;
		};
		003E3B5724A5E92C00C7F754 /* Release */ = {
			isa = XCBuildConfiguration;
			buildSettings = {
				ALWAYS_EMBED_SWIFT_STANDARD_LIBRARIES = YES;
				CODE_SIGN_STYLE = Automatic;
				COMBINE_HIDPI_IMAGES = YES;
				DEVELOPMENT_TEAM = 2AJ3JQW8BB;
				INFOPLIST_FILE = LeapYearCheakUITests/Info.plist;
				LD_RUNPATH_SEARCH_PATHS = (
					"$(inherited)",
					"@executable_path/../Frameworks",
					"@loader_path/../Frameworks",
				);
				PRODUCT_BUNDLE_IDENTIFIER = com.projectoms.mac.LeapYearCheakUITests;
				PRODUCT_NAME = "$(TARGET_NAME)";
				SWIFT_VERSION = 5.0;
				TEST_TARGET_NAME = LeapYearCheak;
			};
			name = Release;
		};
/* End XCBuildConfiguration section */

/* Begin XCConfigurationList section */
		003E3B2424A5E92000C7F754 /* Build configuration list for PBXProject "LeapYearCheak" */ = {
			isa = XCConfigurationList;
			buildConfigurations = (
				003E3B4D24A5E92C00C7F754 /* Debug */,
				003E3B4E24A5E92C00C7F754 /* Release */,
			);
			defaultConfigurationIsVisible = 0;
			defaultConfigurationName = Release;
		};
		003E3B4F24A5E92C00C7F754 /* Build configuration list for PBXNativeTarget "LeapYearCheak" */ = {
			isa = XCConfigurationList;
			buildConfigurations = (
				003E3B5024A5E92C00C7F754 /* Debug */,
				003E3B5124A5E92C00C7F754 /* Release */,
			);
			defaultConfigurationIsVisible = 0;
			defaultConfigurationName = Release;
		};
		003E3B5224A5E92C00C7F754 /* Build configuration list for PBXNativeTarget "LeapYearCheakTests" */ = {
			isa = XCConfigurationList;
			buildConfigurations = (
				003E3B5324A5E92C00C7F754 /* Debug */,
				003E3B5424A5E92C00C7F754 /* Release */,
			);
			defaultConfigurationIsVisible = 0;
			defaultConfigurationName = Release;
		};
		003E3B5524A5E92C00C7F754 /* Build configuration list for PBXNativeTarget "LeapYearCheakUITests" */ = {
			isa = XCConfigurationList;
			buildConfigurations = (
				003E3B5624A5E92C00C7F754 /* Debug */,
				003E3B5724A5E92C00C7F754 /* Release */,
			);
			defaultConfigurationIsVisible = 0;
			defaultConfigurationName = Release;
		};
/* End XCConfigurationList section */
	};
	rootObject = 003E3B2124A5E92000C7F754 /* Project object */;
}
