// !$*UTF8*$!
{
	archiveVersion = 1;
	classes = {
	};
	objectVersion = 50;
	objects = {

/* Begin PBXBuildFile section */
		001D0956249CBC81007034FC /* AppDelegate.swift in Sources */ = {isa = PBXBuildFile; fileRef = 001D0955249CBC81007034FC /* AppDelegate.swift */; };
		001D0958249CBC81007034FC /* ContentView.swift in Sources */ = {isa = PBXBuildFile; fileRef = 001D0957249CBC81007034FC /* ContentView.swift */; };
		001D095A249CBC8B007034FC /* Assets.xcassets in Resources */ = {isa = PBXBuildFile; fileRef = 001D0959249CBC8B007034FC /* Assets.xcassets */; };
		001D095D249CBC8B007034FC /* Preview Assets.xcassets in Resources */ = {isa = PBXBuildFile; fileRef = 001D095C249CBC8B007034FC /* Preview Assets.xcassets */; };
		001D0960249CBC8B007034FC /* Main.storyboard in Resources */ = {isa = PBXBuildFile; fileRef = 001D095E249CBC8B007034FC /* Main.storyboard */; };
		001D096C249CBC8B007034FC /* LeapYearCheak_SwiftUITests.swift in Sources */ = {isa = PBXBuildFile; fileRef = 001D096B249CBC8B007034FC /* LeapYearCheak_SwiftUITests.swift */; };
		001D0977249CBC8C007034FC /* LeapYearCheak_SwiftUIUITests.swift in Sources */ = {isa = PBXBuildFile; fileRef = 001D0976249CBC8C007034FC /* LeapYearCheak_SwiftUIUITests.swift */; };
/* End PBXBuildFile section */

/* Begin PBXContainerItemProxy section */
		001D0968249CBC8B007034FC /* PBXContainerItemProxy */ = {
			isa = PBXContainerItemProxy;
			containerPortal = 001D094A249CBC81007034FC /* Project object */;
			proxyType = 1;
			remoteGlobalIDString = 001D0951249CBC81007034FC;
			remoteInfo = "LeapYearCheak-SwiftUI";
		};
		001D0973249CBC8C007034FC /* PBXContainerItemProxy */ = {
			isa = PBXContainerItemProxy;
			containerPortal = 001D094A249CBC81007034FC /* Project object */;
			proxyType = 1;
			remoteGlobalIDString = 001D0951249CBC81007034FC;
			remoteInfo = "LeapYearCheak-SwiftUI";
		};
/* End PBXContainerItemProxy section */

/* Begin PBXFileReference section */
		001D0952249CBC81007034FC /* LeapYearCheak-SwiftUI.app */ = {isa = PBXFileReference; explicitFileType = wrapper.application; includeInIndex = 0; path = "LeapYearCheak-SwiftUI.app"; sourceTree = BUILT_PRODUCTS_DIR; };
		001D0955249CBC81007034FC /* AppDelegate.swift */ = {isa = PBXFileReference; lastKnownFileType = sourcecode.swift; path = AppDelegate.swift; sourceTree = "<group>"; };
		001D0957249CBC81007034FC /* ContentView.swift */ = {isa = PBXFileReference; lastKnownFileType = sourcecode.swift; path = ContentView.swift; sourceTree = "<group>"; };
		001D0959249CBC8B007034FC /* Assets.xcassets */ = {isa = PBXFileReference; lastKnownFileType = folder.assetcatalog; path = Assets.xcassets; sourceTree = "<group>"; };
		001D095C249CBC8B007034FC /* Preview Assets.xcassets */ = {isa = PBXFileReference; lastKnownFileType = folder.assetcatalog; path = "Preview Assets.xcassets"; sourceTree = "<group>"; };
		001D095F249CBC8B007034FC /* Base */ = {isa = PBXFileReference; lastKnownFileType = file.storyboard; name = Base; path = Base.lproj/Main.storyboard; sourceTree = "<group>"; };
		001D0961249CBC8B007034FC /* Info.plist */ = {isa = PBXFileReference; lastKnownFileType = text.plist.xml; path = Info.plist; sourceTree = "<group>"; };
		001D0962249CBC8B007034FC /* LeapYearCheak_SwiftUI.entitlements */ = {isa = PBXFileReference; lastKnownFileType = text.plist.entitlements; path = LeapYearCheak_SwiftUI.entitlements; sourceTree = "<group>"; };
		001D0967249CBC8B007034FC /* LeapYearCheak-SwiftUITests.xctest */ = {isa = PBXFileReference; explicitFileType = wrapper.cfbundle; includeInIndex = 0; path = "LeapYearCheak-SwiftUITests.xctest"; sourceTree = BUILT_PRODUCTS_DIR; };
		001D096B249CBC8B007034FC /* LeapYearCheak_SwiftUITests.swift */ = {isa = PBXFileReference; lastKnownFileType = sourcecode.swift; path = LeapYearCheak_SwiftUITests.swift; sourceTree = "<group>"; };
		001D096D249CBC8C007034FC /* Info.plist */ = {isa = PBXFileReference; lastKnownFileType = text.plist.xml; path = Info.plist; sourceTree = "<group>"; };
		001D0972249CBC8C007034FC /* LeapYearCheak-SwiftUIUITests.xctest */ = {isa = PBXFileReference; explicitFileType = wrapper.cfbundle; includeInIndex = 0; path = "LeapYearCheak-SwiftUIUITests.xctest"; sourceTree = BUILT_PRODUCTS_DIR; };
		001D0976249CBC8C007034FC /* LeapYearCheak_SwiftUIUITests.swift */ = {isa = PBXFileReference; lastKnownFileType = sourcecode.swift; path = LeapYearCheak_SwiftUIUITests.swift; sourceTree = "<group>"; };
		001D0978249CBC8C007034FC /* Info.plist */ = {isa = PBXFileReference; lastKnownFileType = text.plist.xml; path = Info.plist; sourceTree = "<group>"; };
/* End PBXFileReference section */

/* Begin PBXFrameworksBuildPhase section */
		001D094F249CBC81007034FC /* Frameworks */ = {
			isa = PBXFrameworksBuildPhase;
			buildActionMask = 2147483647;
			files = (
			);
			runOnlyForDeploymentPostprocessing = 0;
		};
		001D0964249CBC8B007034FC /* Frameworks */ = {
			isa = PBXFrameworksBuildPhase;
			buildActionMask = 2147483647;
			files = (
			);
			runOnlyForDeploymentPostprocessing = 0;
		};
		001D096F249CBC8C007034FC /* Frameworks */ = {
			isa = PBXFrameworksBuildPhase;
			buildActionMask = 2147483647;
			files = (
			);
			runOnlyForDeploymentPostprocessing = 0;
		};
/* End PBXFrameworksBuildPhase section */

/* Begin PBXGroup section */
		001D0949249CBC81007034FC = {
			isa = PBXGroup;
			children = (
				001D0954249CBC81007034FC /* LeapYearCheak-SwiftUI */,
				001D096A249CBC8B007034FC /* LeapYearCheak-SwiftUITests */,
				001D0975249CBC8C007034FC /* LeapYearCheak-SwiftUIUITests */,
				001D0953249CBC81007034FC /* Products */,
			);
			sourceTree = "<group>";
		};
		001D0953249CBC81007034FC /* Products */ = {
			isa = PBXGroup;
			children = (
				001D0952249CBC81007034FC /* LeapYearCheak-SwiftUI.app */,
				001D0967249CBC8B007034FC /* LeapYearCheak-SwiftUITests.xctest */,
				001D0972249CBC8C007034FC /* LeapYearCheak-SwiftUIUITests.xctest */,
			);
			name = Products;
			sourceTree = "<group>";
		};
		001D0954249CBC81007034FC /* LeapYearCheak-SwiftUI */ = {
			isa = PBXGroup;
			children = (
				001D0955249CBC81007034FC /* AppDelegate.swift */,
				001D0957249CBC81007034FC /* ContentView.swift */,
				001D0959249CBC8B007034FC /* Assets.xcassets */,
				001D095E249CBC8B007034FC /* Main.storyboard */,
				001D0961249CBC8B007034FC /* Info.plist */,
				001D0962249CBC8B007034FC /* LeapYearCheak_SwiftUI.entitlements */,
				001D095B249CBC8B007034FC /* Preview Content */,
			);
			path = "LeapYearCheak-SwiftUI";
			sourceTree = "<group>";
		};
		001D095B249CBC8B007034FC /* Preview Content */ = {
			isa = PBXGroup;
			children = (
				001D095C249CBC8B007034FC /* Preview Assets.xcassets */,
			);
			path = "Preview Content";
			sourceTree = "<group>";
		};
		001D096A249CBC8B007034FC /* LeapYearCheak-SwiftUITests */ = {
			isa = PBXGroup;
			children = (
				001D096B249CBC8B007034FC /* LeapYearCheak_SwiftUITests.swift */,
				001D096D249CBC8C007034FC /* Info.plist */,
			);
			path = "LeapYearCheak-SwiftUITests";
			sourceTree = "<group>";
		};
		001D0975249CBC8C007034FC /* LeapYearCheak-SwiftUIUITests */ = {
			isa = PBXGroup;
			children = (
				001D0976249CBC8C007034FC /* LeapYearCheak_SwiftUIUITests.swift */,
				001D0978249CBC8C007034FC /* Info.plist */,
			);
			path = "LeapYearCheak-SwiftUIUITests";
			sourceTree = "<group>";
		};
/* End PBXGroup section */

/* Begin PBXNativeTarget section */
		001D0951249CBC81007034FC /* LeapYearCheak-SwiftUI */ = {
			isa = PBXNativeTarget;
			buildConfigurationList = 001D097B249CBC8C007034FC /* Build configuration list for PBXNativeTarget "LeapYearCheak-SwiftUI" */;
			buildPhases = (
				001D094E249CBC81007034FC /* Sources */,
				001D094F249CBC81007034FC /* Frameworks */,
				001D0950249CBC81007034FC /* Resources */,
			);
			buildRules = (
			);
			dependencies = (
			);
			name = "LeapYearCheak-SwiftUI";
			productName = "LeapYearCheak-SwiftUI";
			productReference = 001D0952249CBC81007034FC /* LeapYearCheak-SwiftUI.app */;
			productType = "com.apple.product-type.application";
		};
		001D0966249CBC8B007034FC /* LeapYearCheak-SwiftUITests */ = {
			isa = PBXNativeTarget;
			buildConfigurationList = 001D097E249CBC8C007034FC /* Build configuration list for PBXNativeTarget "LeapYearCheak-SwiftUITests" */;
			buildPhases = (
				001D0963249CBC8B007034FC /* Sources */,
				001D0964249CBC8B007034FC /* Frameworks */,
				001D0965249CBC8B007034FC /* Resources */,
			);
			buildRules = (
			);
			dependencies = (
				001D0969249CBC8B007034FC /* PBXTargetDependency */,
			);
			name = "LeapYearCheak-SwiftUITests";
			productName = "LeapYearCheak-SwiftUITests";
			productReference = 001D0967249CBC8B007034FC /* LeapYearCheak-SwiftUITests.xctest */;
			productType = "com.apple.product-type.bundle.unit-test";
		};
		001D0971249CBC8C007034FC /* LeapYearCheak-SwiftUIUITests */ = {
			isa = PBXNativeTarget;
			buildConfigurationList = 001D0981249CBC8C007034FC /* Build configuration list for PBXNativeTarget "LeapYearCheak-SwiftUIUITests" */;
			buildPhases = (
				001D096E249CBC8C007034FC /* Sources */,
				001D096F249CBC8C007034FC /* Frameworks */,
				001D0970249CBC8C007034FC /* Resources */,
			);
			buildRules = (
			);
			dependencies = (
				001D0974249CBC8C007034FC /* PBXTargetDependency */,
			);
			name = "LeapYearCheak-SwiftUIUITests";
			productName = "LeapYearCheak-SwiftUIUITests";
			productReference = 001D0972249CBC8C007034FC /* LeapYearCheak-SwiftUIUITests.xctest */;
			productType = "com.apple.product-type.bundle.ui-testing";
		};
/* End PBXNativeTarget section */

/* Begin PBXProject section */
		001D094A249CBC81007034FC /* Project object */ = {
			isa = PBXProject;
			attributes = {
				LastSwiftUpdateCheck = 1150;
				LastUpgradeCheck = 1150;
				ORGANIZATIONNAME = "Toms Project";
				TargetAttributes = {
					001D0951249CBC81007034FC = {
						CreatedOnToolsVersion = 11.5;
					};
					001D0966249CBC8B007034FC = {
						CreatedOnToolsVersion = 11.5;
						TestTargetID = 001D0951249CBC81007034FC;
					};
					001D0971249CBC8C007034FC = {
						CreatedOnToolsVersion = 11.5;
						TestTargetID = 001D0951249CBC81007034FC;
					};
				};
			};
			buildConfigurationList = 001D094D249CBC81007034FC /* Build configuration list for PBXProject "LeapYearCheak-SwiftUI" */;
			compatibilityVersion = "Xcode 9.3";
			developmentRegion = en;
			hasScannedForEncodings = 0;
			knownRegions = (
				en,
				Base,
			);
			mainGroup = 001D0949249CBC81007034FC;
			productRefGroup = 001D0953249CBC81007034FC /* Products */;
			projectDirPath = "";
			projectRoot = "";
			targets = (
				001D0951249CBC81007034FC /* LeapYearCheak-SwiftUI */,
				001D0966249CBC8B007034FC /* LeapYearCheak-SwiftUITests */,
				001D0971249CBC8C007034FC /* LeapYearCheak-SwiftUIUITests */,
			);
		};
/* End PBXProject section */

/* Begin PBXResourcesBuildPhase section */
		001D0950249CBC81007034FC /* Resources */ = {
			isa = PBXResourcesBuildPhase;
			buildActionMask = 2147483647;
			files = (
				001D0960249CBC8B007034FC /* Main.storyboard in Resources */,
				001D095D249CBC8B007034FC /* Preview Assets.xcassets in Resources */,
				001D095A249CBC8B007034FC /* Assets.xcassets in Resources */,
			);
			runOnlyForDeploymentPostprocessing = 0;
		};
		001D0965249CBC8B007034FC /* Resources */ = {
			isa = PBXResourcesBuildPhase;
			buildActionMask = 2147483647;
			files = (
			);
			runOnlyForDeploymentPostprocessing = 0;
		};
		001D0970249CBC8C007034FC /* Resources */ = {
			isa = PBXResourcesBuildPhase;
			buildActionMask = 2147483647;
			files = (
			);
			runOnlyForDeploymentPostprocessing = 0;
		};
/* End PBXResourcesBuildPhase section */

/* Begin PBXSourcesBuildPhase section */
		001D094E249CBC81007034FC /* Sources */ = {
			isa = PBXSourcesBuildPhase;
			buildActionMask = 2147483647;
			files = (
				001D0958249CBC81007034FC /* ContentView.swift in Sources */,
				001D0956249CBC81007034FC /* AppDelegate.swift in Sources */,
			);
			runOnlyForDeploymentPostprocessing = 0;
		};
		001D0963249CBC8B007034FC /* Sources */ = {
			isa = PBXSourcesBuildPhase;
			buildActionMask = 2147483647;
			files = (
				001D096C249CBC8B007034FC /* LeapYearCheak_SwiftUITests.swift in Sources */,
			);
			runOnlyForDeploymentPostprocessing = 0;
		};
		001D096E249CBC8C007034FC /* Sources */ = {
			isa = PBXSourcesBuildPhase;
			buildActionMask = 2147483647;
			files = (
				001D0977249CBC8C007034FC /* LeapYearCheak_SwiftUIUITests.swift in Sources */,
			);
			runOnlyForDeploymentPostprocessing = 0;
		};
/* End PBXSourcesBuildPhase section */

/* Begin PBXTargetDependency section */
		001D0969249CBC8B007034FC /* PBXTargetDependency */ = {
			isa = PBXTargetDependency;
			target = 001D0951249CBC81007034FC /* LeapYearCheak-SwiftUI */;
			targetProxy = 001D0968249CBC8B007034FC /* PBXContainerItemProxy */;
		};
		001D0974249CBC8C007034FC /* PBXTargetDependency */ = {
			isa = PBXTargetDependency;
			target = 001D0951249CBC81007034FC /* LeapYearCheak-SwiftUI */;
			targetProxy = 001D0973249CBC8C007034FC /* PBXContainerItemProxy */;
		};
/* End PBXTargetDependency section */

/* Begin PBXVariantGroup section */
		001D095E249CBC8B007034FC /* Main.storyboard */ = {
			isa = PBXVariantGroup;
			children = (
				001D095F249CBC8B007034FC /* Base */,
			);
			name = Main.storyboard;
			sourceTree = "<group>";
		};
/* End PBXVariantGroup section */

/* Begin XCBuildConfiguration section */
		001D0979249CBC8C007034FC /* Debug */ = {
			isa = XCBuildConfiguration;
			buildSettings = {
				ALWAYS_SEARCH_USER_PATHS = NO;
				CLANG_ANALYZER_NONNULL = YES;
				CLANG_ANALYZER_NUMBER_OBJECT_CONVERSION = YES_AGGRESSIVE;
				CLANG_CXX_LANGUAGE_STANDARD = "gnu++14";
				CLANG_CXX_LIBRARY = "libc++";
				CLANG_ENABLE_MODULES = YES;
				CLANG_ENABLE_OBJC_ARC = YES;
				CLANG_ENABLE_OBJC_WEAK = YES;
				CLANG_WARN_BLOCK_CAPTURE_AUTORELEASING = YES;
				CLANG_WARN_BOOL_CONVERSION = YES;
				CLANG_WARN_COMMA = YES;
				CLANG_WARN_CONSTANT_CONVERSION = YES;
				CLANG_WARN_DEPRECATED_OBJC_IMPLEMENTATIONS = YES;
				CLANG_WARN_DIRECT_OBJC_ISA_USAGE = YES_ERROR;
				CLANG_WARN_DOCUMENTATION_COMMENTS = YES;
				CLANG_WARN_EMPTY_BODY = YES;
				CLANG_WARN_ENUM_CONVERSION = YES;
				CLANG_WARN_INFINITE_RECURSION = YES;
				CLANG_WARN_INT_CONVERSION = YES;
				CLANG_WARN_NON_LITERAL_NULL_CONVERSION = YES;
				CLANG_WARN_OBJC_IMPLICIT_RETAIN_SELF = YES;
				CLANG_WARN_OBJC_LITERAL_CONVERSION = YES;
				CLANG_WARN_OBJC_ROOT_CLASS = YES_ERROR;
				CLANG_WARN_RANGE_LOOP_ANALYSIS = YES;
				CLANG_WARN_STRICT_PROTOTYPES = YES;
				CLANG_WARN_SUSPICIOUS_MOVE = YES;
				CLANG_WARN_UNGUARDED_AVAILABILITY = YES_AGGRESSIVE;
				CLANG_WARN_UNREACHABLE_CODE = YES;
				CLANG_WARN__DUPLICATE_METHOD_MATCH = YES;
				COPY_PHASE_STRIP = NO;
				DEBUG_INFORMATION_FORMAT = dwarf;
				ENABLE_STRICT_OBJC_MSGSEND = YES;
				ENABLE_TESTABILITY = YES;
				GCC_C_LANGUAGE_STANDARD = gnu11;
				GCC_DYNAMIC_NO_PIC = NO;
				GCC_NO_COMMON_BLOCKS = YES;
				GCC_OPTIMIZATION_LEVEL = 0;
				GCC_PREPROCESSOR_DEFINITIONS = (
					"DEBUG=1",
					"$(inherited)",
				);
				GCC_WARN_64_TO_32_BIT_CONVERSION = YES;
				GCC_WARN_ABOUT_RETURN_TYPE = YES_ERROR;
				GCC_WARN_UNDECLARED_SELECTOR = YES;
				GCC_WARN_UNINITIALIZED_AUTOS = YES_AGGRESSIVE;
				GCC_WARN_UNUSED_FUNCTION = YES;
				GCC_WARN_UNUSED_VARIABLE = YES;
				MACOSX_DEPLOYMENT_TARGET = 10.15;
				MTL_ENABLE_DEBUG_INFO = INCLUDE_SOURCE;
				MTL_FAST_MATH = YES;
				ONLY_ACTIVE_ARCH = YES;
				SDKROOT = macosx;
				SWIFT_ACTIVE_COMPILATION_CONDITIONS = DEBUG;
				SWIFT_OPTIMIZATION_LEVEL = "-Onone";
			};
			name = Debug;
		};
		001D097A249CBC8C007034FC /* Release */ = {
			isa = XCBuildConfiguration;
			buildSettings = {
				ALWAYS_SEARCH_USER_PATHS = NO;
				CLANG_ANALYZER_NONNULL = YES;
				CLANG_ANALYZER_NUMBER_OBJECT_CONVERSION = YES_AGGRESSIVE;
				CLANG_CXX_LANGUAGE_STANDARD = "gnu++14";
				CLANG_CXX_LIBRARY = "libc++";
				CLANG_ENABLE_MODULES = YES;
				CLANG_ENABLE_OBJC_ARC = YES;
				CLANG_ENABLE_OBJC_WEAK = YES;
				CLANG_WARN_BLOCK_CAPTURE_AUTORELEASING = YES;
				CLANG_WARN_BOOL_CONVERSION = YES;
				CLANG_WARN_COMMA = YES;
				CLANG_WARN_CONSTANT_CONVERSION = YES;
				CLANG_WARN_DEPRECATED_OBJC_IMPLEMENTATIONS = YES;
				CLANG_WARN_DIRECT_OBJC_ISA_USAGE = YES_ERROR;
				CLANG_WARN_DOCUMENTATION_COMMENTS = YES;
				CLANG_WARN_EMPTY_BODY = YES;
				CLANG_WARN_ENUM_CONVERSION = YES;
				CLANG_WARN_INFINITE_RECURSION = YES;
				CLANG_WARN_INT_CONVERSION = YES;
				CLANG_WARN_NON_LITERAL_NULL_CONVERSION = YES;
				CLANG_WARN_OBJC_IMPLICIT_RETAIN_SELF = YES;
				CLANG_WARN_OBJC_LITERAL_CONVERSION = YES;
				CLANG_WARN_OBJC_ROOT_CLASS = YES_ERROR;
				CLANG_WARN_RANGE_LOOP_ANALYSIS = YES;
				CLANG_WARN_STRICT_PROTOTYPES = YES;
				CLANG_WARN_SUSPICIOUS_MOVE = YES;
				CLANG_WARN_UNGUARDED_AVAILABILITY = YES_AGGRESSIVE;
				CLANG_WARN_UNREACHABLE_CODE = YES;
				CLANG_WARN__DUPLICATE_METHOD_MATCH = YES;
				COPY_PHASE_STRIP = NO;
				DEBUG_INFORMATION_FORMAT = "dwarf-with-dsym";
				ENABLE_NS_ASSERTIONS = NO;
				ENABLE_STRICT_OBJC_MSGSEND = YES;
				GCC_C_LANGUAGE_STANDARD = gnu11;
				GCC_NO_COMMON_BLOCKS = YES;
				GCC_WARN_64_TO_32_BIT_CONVERSION = YES;
				GCC_WARN_ABOUT_RETURN_TYPE = YES_ERROR;
				GCC_WARN_UNDECLARED_SELECTOR = YES;
				GCC_WARN_UNINITIALIZED_AUTOS = YES_AGGRESSIVE;
				GCC_WARN_UNUSED_FUNCTION = YES;
				GCC_WARN_UNUSED_VARIABLE = YES;
				MACOSX_DEPLOYMENT_TARGET = 10.15;
				MTL_ENABLE_DEBUG_INFO = NO;
				MTL_FAST_MATH = YES;
				SDKROOT = macosx;
				SWIFT_COMPILATION_MODE = wholemodule;
				SWIFT_OPTIMIZATION_LEVEL = "-O";
			};
			name = Release;
		};
		001D097C249CBC8C007034FC /* Debug */ = {
			isa = XCBuildConfiguration;
			buildSettings = {
				ASSETCATALOG_COMPILER_APPICON_NAME = AppIcon;
				CODE_SIGN_ENTITLEMENTS = "LeapYearCheak-SwiftUI/LeapYearCheak_SwiftUI.entitlements";
				CODE_SIGN_STYLE = Automatic;
				COMBINE_HIDPI_IMAGES = YES;
				DEVELOPMENT_ASSET_PATHS = "\"LeapYearCheak-SwiftUI/Preview Content\"";
				DEVELOPMENT_TEAM = 2AJ3JQW8BB;
				ENABLE_HARDENED_RUNTIME = YES;
				ENABLE_PREVIEWS = YES;
				INFOPLIST_FILE = "LeapYearCheak-SwiftUI/Info.plist";
				LD_RUNPATH_SEARCH_PATHS = (
					"$(inherited)",
					"@executable_path/../Frameworks",
				);
				MACOSX_DEPLOYMENT_TARGET = 10.15;
				MARKETING_VERSION = "2.0.0-alpha1";
				PRODUCT_BUNDLE_IDENTIFIER = "com.projectoms.mac.LeapYearCheak-SwiftUI";
				PRODUCT_NAME = "$(TARGET_NAME)";
				SWIFT_VERSION = 5.0;
			};
			name = Debug;
		};
		001D097D249CBC8C007034FC /* Release */ = {
			isa = XCBuildConfiguration;
			buildSettings = {
				ASSETCATALOG_COMPILER_APPICON_NAME = AppIcon;
				CODE_SIGN_ENTITLEMENTS = "LeapYearCheak-SwiftUI/LeapYearCheak_SwiftUI.entitlements";
				CODE_SIGN_STYLE = Automatic;
				COMBINE_HIDPI_IMAGES = YES;
				DEVELOPMENT_ASSET_PATHS = "\"LeapYearCheak-SwiftUI/Preview Content\"";
				DEVELOPMENT_TEAM = 2AJ3JQW8BB;
				ENABLE_HARDENED_RUNTIME = YES;
				ENABLE_PREVIEWS = YES;
				INFOPLIST_FILE = "LeapYearCheak-SwiftUI/Info.plist";
				LD_RUNPATH_SEARCH_PATHS = (
					"$(inherited)",
					"@executable_path/../Frameworks",
				);
				MACOSX_DEPLOYMENT_TARGET = 10.15;
				MARKETING_VERSION = "2.0.0-alpha1";
				PRODUCT_BUNDLE_IDENTIFIER = "com.projectoms.mac.LeapYearCheak-SwiftUI";
				PRODUCT_NAME = "$(TARGET_NAME)";
				SWIFT_VERSION = 5.0;
			};
			name = Release;
		};
		001D097F249CBC8C007034FC /* Debug */ = {
			isa = XCBuildConfiguration;
			buildSettings = {
				ALWAYS_EMBED_SWIFT_STANDARD_LIBRARIES = YES;
				BUNDLE_LOADER = "$(TEST_HOST)";
				CODE_SIGN_STYLE = Automatic;
				COMBINE_HIDPI_IMAGES = YES;
				DEVELOPMENT_TEAM = 2AJ3JQW8BB;
				INFOPLIST_FILE = "LeapYearCheak-SwiftUITests/Info.plist";
				LD_RUNPATH_SEARCH_PATHS = (
					"$(inherited)",
					"@executable_path/../Frameworks",
					"@loader_path/../Frameworks",
				);
				MACOSX_DEPLOYMENT_TARGET = 10.15;
				PRODUCT_BUNDLE_IDENTIFIER = "com.projectoms.mac.LeapYearCheak-SwiftUITests";
				PRODUCT_NAME = "$(TARGET_NAME)";
				SWIFT_VERSION = 5.0;
				TEST_HOST = "$(BUILT_PRODUCTS_DIR)/LeapYearCheak-SwiftUI.app/Contents/MacOS/LeapYearCheak-SwiftUI";
			};
			name = Debug;
		};
		001D0980249CBC8C007034FC /* Release */ = {
			isa = XCBuildConfiguration;
			buildSettings = {
				ALWAYS_EMBED_SWIFT_STANDARD_LIBRARIES = YES;
				BUNDLE_LOADER = "$(TEST_HOST)";
				CODE_SIGN_STYLE = Automatic;
				COMBINE_HIDPI_IMAGES = YES;
				DEVELOPMENT_TEAM = 2AJ3JQW8BB;
				INFOPLIST_FILE = "LeapYearCheak-SwiftUITests/Info.plist";
				LD_RUNPATH_SEARCH_PATHS = (
					"$(inherited)",
					"@executable_path/../Frameworks",
					"@loader_path/../Frameworks",
				);
				MACOSX_DEPLOYMENT_TARGET = 10.15;
				PRODUCT_BUNDLE_IDENTIFIER = "com.projectoms.mac.LeapYearCheak-SwiftUITests";
				PRODUCT_NAME = "$(TARGET_NAME)";
				SWIFT_VERSION = 5.0;
				TEST_HOST = "$(BUILT_PRODUCTS_DIR)/LeapYearCheak-SwiftUI.app/Contents/MacOS/LeapYearCheak-SwiftUI";
			};
			name = Release;
		};
		001D0982249CBC8C007034FC /* Debug */ = {
			isa = XCBuildConfiguration;
			buildSettings = {
				ALWAYS_EMBED_SWIFT_STANDARD_LIBRARIES = YES;
				CODE_SIGN_STYLE = Automatic;
				COMBINE_HIDPI_IMAGES = YES;
				DEVELOPMENT_TEAM = 2AJ3JQW8BB;
				INFOPLIST_FILE = "LeapYearCheak-SwiftUIUITests/Info.plist";
				LD_RUNPATH_SEARCH_PATHS = (
					"$(inherited)",
					"@executable_path/../Frameworks",
					"@loader_path/../Frameworks",
				);
				PRODUCT_BUNDLE_IDENTIFIER = "com.projectoms.mac.LeapYearCheak-SwiftUIUITests";
				PRODUCT_NAME = "$(TARGET_NAME)";
				SWIFT_VERSION = 5.0;
				TEST_TARGET_NAME = "LeapYearCheak-SwiftUI";
			};
			name = Debug;
		};
		001D0983249CBC8C007034FC /* Release */ = {
			isa = XCBuildConfiguration;
			buildSettings = {
				ALWAYS_EMBED_SWIFT_STANDARD_LIBRARIES = YES;
				CODE_SIGN_STYLE = Automatic;
				COMBINE_HIDPI_IMAGES = YES;
				DEVELOPMENT_TEAM = 2AJ3JQW8BB;
				INFOPLIST_FILE = "LeapYearCheak-SwiftUIUITests/Info.plist";
				LD_RUNPATH_SEARCH_PATHS = (
					"$(inherited)",
					"@executable_path/../Frameworks",
					"@loader_path/../Frameworks",
				);
				PRODUCT_BUNDLE_IDENTIFIER = "com.projectoms.mac.LeapYearCheak-SwiftUIUITests";
				PRODUCT_NAME = "$(TARGET_NAME)";
				SWIFT_VERSION = 5.0;
				TEST_TARGET_NAME = "LeapYearCheak-SwiftUI";
			};
			name = Release;
		};
/* End XCBuildConfiguration section */

/* Begin XCConfigurationList section */
		001D094D249CBC81007034FC /* Build configuration list for PBXProject "LeapYearCheak-SwiftUI" */ = {
			isa = XCConfigurationList;
			buildConfigurations = (
				001D0979249CBC8C007034FC /* Debug */,
				001D097A249CBC8C007034FC /* Release */,
			);
			defaultConfigurationIsVisible = 0;
			defaultConfigurationName = Release;
		};
		001D097B249CBC8C007034FC /* Build configuration list for PBXNativeTarget "LeapYearCheak-SwiftUI" */ = {
			isa = XCConfigurationList;
			buildConfigurations = (
				001D097C249CBC8C007034FC /* Debug */,
				001D097D249CBC8C007034FC /* Release */,
			);
			defaultConfigurationIsVisible = 0;
			defaultConfigurationName = Release;
		};
		001D097E249CBC8C007034FC /* Build configuration list for PBXNativeTarget "LeapYearCheak-SwiftUITests" */ = {
			isa = XCConfigurationList;
			buildConfigurations = (
				001D097F249CBC8C007034FC /* Debug */,
				001D0980249CBC8C007034FC /* Release */,
			);
			defaultConfigurationIsVisible = 0;
			defaultConfigurationName = Release;
		};
		001D0981249CBC8C007034FC /* Build configuration list for PBXNativeTarget "LeapYearCheak-SwiftUIUITests" */ = {
			isa = XCConfigurationList;
			buildConfigurations = (
				001D0982249CBC8C007034FC /* Debug */,
				001D0983249CBC8C007034FC /* Release */,
			);
			defaultConfigurationIsVisible = 0;
			defaultConfigurationName = Release;
		};
/* End XCConfigurationList section */
	};
	rootObject = 001D094A249CBC81007034FC /* Project object */;
}
